
Microsoft Visual Studio Solution File, Format Version 12.00
# Visual Studio Version 17
VisualStudioVersion = 17.7.34009.444
MinimumVisualStudioVersion = 10.0.40219.1
Project("{FAE04EC0-301F-11D3-BF4B-00C04F79EFBC}") = "StringMethods", "StringMethods\StringMethods.csproj", "{999AC1ED-568A-45F8-B6D1-FAB19A37CEA3}"
EndProject
Global
	GlobalSection(SolutionConfigurationPlatforms) = preSolution
		Debug|Any CPU = Debug|Any CPU
		Release|Any CPU = Release|Any CPU
	EndGlobalSection
	GlobalSection(ProjectConfigurationPlatforms) = postSolution
		{999AC1ED-568A-45F8-B6D1-FAB19A37CEA3}.Debug|Any CPU.ActiveCfg = Debug|Any CPU
		{999AC1ED-568A-45F8-B6D1-FAB19A37CEA3}.Debug|Any CPU.Build.0 = Debug|Any CPU
		{999AC1ED-568A-45F8-B6D1-FAB19A37CEA3}.Release|Any CPU.ActiveCfg = Release|Any CPU
		{999AC1ED-568A-45F8-B6D1-FAB19A37CEA3}.Release|Any CPU.Build.0 = Release|Any CPU
	EndGlobalSection
	GlobalSection(SolutionProperties) = preSolution
		HideSolutionNode = FALSE
	EndGlobalSection
	GlobalSection(ExtensibilityGlobals) = postSolution
		SolutionGuid = {8DCA47B7-A182-434A-B0B7-39E5452756F1}
	EndGlobalSection
EndGlobal
